Microsoft Visual Studio Solution File, Format Version 12.00
# Visual Studio 15
VisualStudioVersion = 15.0.27703.1
MinimumVisualStudioVersion = 10.0.40219.1
Project("{FAE04EC0-301F-11D3-BF4B-00C04F79EFBC}") = "MVC", "MVC\MVC.csproj", "{02559541-AD4F-4307-B247-4019D27CAD90}"
EndProject
Project("{9A19103F-16F7-4668-BE54-9A1E7A4F7556}") = "ShippingLibrary", "ShippingLibrary\ShippingLibrary.csproj", "{4924402E-5F60-449D-8AC4-E31F9173172E}"
EndProject
Global
	GlobalSection(SolutionConfigurationPlatforms) = preSolution
		Debug|Any CPU = Debug|Any CPU
		Release|Any CPU = Release|Any CPU
	EndGlobalSection
	GlobalSection(ProjectConfigurationPlatforms) = postSolution
		{02559541-AD4F-4307-B247-4019D27CAD90}.Debug|Any CPU.ActiveCfg = Debug|Any CPU
		{02559541-AD4F-4307-B247-4019D27CAD90}.Debug|Any CPU.Build.0 = Debug|Any CPU
		{02559541-AD4F-4307-B247-4019D27CAD90}.Release|Any CPU.ActiveCfg = Release|Any CPU
		{02559541-AD4F-4307-B247-4019D27CAD90}.Release|Any CPU.Build.0 = Release|Any CPU
		{4924402E-5F60-449D-8AC4-E31F9173172E}.Debug|Any CPU.ActiveCfg = Debug|Any CPU
		{4924402E-5F60-449D-8AC4-E31F9173172E}.Debug|Any CPU.Build.0 = Debug|Any CPU
		{4924402E-5F60-449D-8AC4-E31F9173172E}.Release|Any CPU.ActiveCfg = Release|Any CPU
		{4924402E-5F60-449D-8AC4-E31F9173172E}.Release|Any CPU.Build.0 = Release|Any CPU
	EndGlobalSection
	GlobalSection(SolutionProperties) = preSolution
		HideSolutionNode = FALSE
	EndGlobalSection
	GlobalSection(ExtensibilityGlobals) = postSolution
		SolutionGuid = {C6500213-6CF9-462C-B95D-DCF91FC64889}
	EndGlobalSection
EndGlobal
